// !$*UTF8*$!
{
	archiveVersion = 1;
	classes = {
	};
	objectVersion = 55;
	objects = {

/* Begin PBXBuildFile section */
		4ACB6D7328E07916006320A0 /* ExPhotoWidgetApp.swift in Sources */ = {isa = PBXBuildFile; fileRef = 4ACB6D7228E07916006320A0 /* ExPhotoWidgetApp.swift */; };
		4ACB6D7528E07916006320A0 /* ContentView.swift in Sources */ = {isa = PBXBuildFile; fileRef = 4ACB6D7428E07916006320A0 /* ContentView.swift */; };
		4ACB6D7728E07919006320A0 /* Assets.xcassets in Resources */ = {isa = PBXBuildFile; fileRef = 4ACB6D7628E07919006320A0 /* Assets.xcassets */; };
		4ACB6D7A28E07919006320A0 /* Preview Assets.xcassets in Resources */ = {isa = PBXBuildFile; fileRef = 4ACB6D7928E07919006320A0 /* Preview Assets.xcassets */; };
		4ACB6D8728E0793C006320A0 /* WidgetKit.framework in Frameworks */ = {isa = PBXBuildFile; fileRef = 4ACB6D8628E0793C006320A0 /* WidgetKit.framework */; };
		4ACB6D8928E0793C006320A0 /* SwiftUI.framework in Frameworks */ = {isa = PBXBuildFile; fileRef = 4ACB6D8828E0793C006320A0 /* SwiftUI.framework */; };
		4ACB6D8C28E0793C006320A0 /* MyWidget.swift in Sources */ = {isa = PBXBuildFile; fileRef = 4ACB6D8B28E0793C006320A0 /* MyWidget.swift */; };
		4ACB6D8F28E0793D006320A0 /* Assets.xcassets in Resources */ = {isa = PBXBuildFile; fileRef = 4ACB6D8E28E0793D006320A0 /* Assets.xcassets */; };
		4ACB6D9128E0793D006320A0 /* MyWidget.intentdefinition in Sources */ = {isa = PBXBuildFile; fileRef = 4ACB6D8D28E0793C006320A0 /* MyWidget.intentdefinition */; };
		4ACB6D9228E0793D006320A0 /* MyWidget.intentdefinition in Sources */ = {isa = PBXBuildFile; fileRef = 4ACB6D8D28E0793C006320A0 /* MyWidget.intentdefinition */; };
		4ACB6D9528E0793D006320A0 /* MyWidgetExtension.appex in Embed App Extensions */ = {isa = PBXBuildFile; fileRef = 4ACB6D8428E0793C006320A0 /* MyWidgetExtension.appex */; settings = {ATTRIBUTES = (RemoveHeadersOnCopy, ); }; };
		4ACB6D9B28E079AD006320A0 /* ImageCache.swift in Sources */ = {isa = PBXBuildFile; fileRef = 4ACB6D9A28E079AD006320A0 /* ImageCache.swift */; };
		4ACB6D9C28E079AD006320A0 /* ImageCache.swift in Sources */ = {isa = PBXBuildFile; fileRef = 4ACB6D9A28E079AD006320A0 /* ImageCache.swift */; };
		4ACB6D9E28E07B3A006320A0 /* PhotoModel.swift in Sources */ = {isa = PBXBuildFile; fileRef = 4ACB6D9D28E07B3A006320A0 /* PhotoModel.swift */; };
		4ACB6D9F28E07B3A006320A0 /* PhotoModel.swift in Sources */ = {isa = PBXBuildFile; fileRef = 4ACB6D9D28E07B3A006320A0 /* PhotoModel.swift */; };
/* End PBXBuildFile section */

/* Begin PBXContainerItemProxy section */
		4ACB6D9328E0793D006320A0 /* PBXContainerItemProxy */ = {
			isa = PBXContainerItemProxy;
			containerPortal = 4ACB6D6728E07916006320A0 /* Project object */;
			proxyType = 1;
			remoteGlobalIDString = 4ACB6D8328E0793C006320A0;
			remoteInfo = MyWidgetExtension;
		};
/* End PBXContainerItemProxy section */

/* Begin PBXCopyFilesBuildPhase section */
		4ACB6D9928E0793D006320A0 /* Embed App Extensions */ = {
			isa = PBXCopyFilesBuildPhase;
			buildActionMask = 2147483647;
			dstPath = "";
			dstSubfolderSpec = 13;
			files = (
				4ACB6D9528E0793D006320A0 /* MyWidgetExtension.appex in Embed App Extensions */,
			);
			name = "Embed App Extensions";
			runOnlyForDeploymentPostprocessing = 0;
		};
/* End PBXCopyFilesBuildPhase section */

/* Begin PBXFileReference section */
		4ACB6D6F28E07916006320A0 /* ExPhotoWidget.app */ = {isa = PBXFileReference; explicitFileType = wrapper.application; includeInIndex = 0; path = ExPhotoWidget.app; sourceTree = BUILT_PRODUCTS_DIR; };
		4ACB6D7228E07916006320A0 /* ExPhotoWidgetApp.swift */ = {isa = PBXFileReference; lastKnownFileType = sourcecode.swift; path = ExPhotoWidgetApp.swift; sourceTree = "<group>"; };
		4ACB6D7428E07916006320A0 /* ContentView.swift */ = {isa = PBXFileReference; lastKnownFileType = sourcecode.swift; path = ContentView.swift; sourceTree = "<group>"; };
		4ACB6D7628E07919006320A0 /* Assets.xcassets */ = {isa = PBXFileReference; lastKnownFileType = folder.assetcatalog; path = Assets.xcassets; sourceTree = "<group>"; };
		4ACB6D7928E07919006320A0 /* Preview Assets.xcassets */ = {isa = PBXFileReference; lastKnownFileType = folder.assetcatalog; path = "Preview Assets.xcassets"; sourceTree = "<group>"; };
		4ACB6D8428E0793C006320A0 /* MyWidgetExtension.appex */ = {isa = PBXFileReference; explicitFileType = "wrapper.app-extension"; includeInIndex = 0; path = MyWidgetExtension.appex; sourceTree = BUILT_PRODUCTS_DIR; };
		4ACB6D8628E0793C006320A0 /* WidgetKit.framework */ = {isa = PBXFileReference; lastKnownFileType = wrapper.framework; name = WidgetKit.framework; path = System/Library/Frameworks/WidgetKit.framework; sourceTree = SDKROOT; };
		4ACB6D8828E0793C006320A0 /* SwiftUI.framework */ = {isa = PBXFileReference; lastKnownFileType = wrapper.framework; name = SwiftUI.framework; path = System/Library/Frameworks/SwiftUI.framework; sourceTree = SDKROOT; };
		4ACB6D8B28E0793C006320A0 /* MyWidget.swift */ = {isa = PBXFileReference; lastKnownFileType = sourcecode.swift; path = MyWidget.swift; sourceTree = "<group>"; };
		4ACB6D8D28E0793C006320A0 /* MyWidget.intentdefinition */ = {isa = PBXFileReference; lastKnownFileType = file.intentdefinition; path = MyWidget.intentdefinition; sourceTree = "<group>"; };
		4ACB6D8E28E0793D006320A0 /* Assets.xcassets */ = {isa = PBXFileReference; lastKnownFileType = folder.assetcatalog; path = Assets.xcassets; sourceTree = "<group>"; };
		4ACB6D9028E0793D006320A0 /* Info.plist */ = {isa = PBXFileReference; lastKnownFileType = text.plist.xml; path = Info.plist; sourceTree = "<group>"; };
		4ACB6D9A28E079AD006320A0 /* ImageCache.swift */ = {isa = PBXFileReference; lastKnownFileType = sourcecode.swift; path = ImageCache.swift; sourceTree = "<group>"; };
		4ACB6D9D28E07B3A006320A0 /* PhotoModel.swift */ = {isa = PBXFileReference; lastKnownFileType = sourcecode.swift; path = PhotoModel.swift; sourceTree = "<group>"; };
/* End PBXFileReference section */

/* Begin PBXFrameworksBuildPhase section */
		4ACB6D6C28E07916006320A0 /* Frameworks */ = {
			isa = PBXFrameworksBuildPhase;
			buildActionMask = 2147483647;
			files = (
			);
			runOnlyForDeploymentPostprocessing = 0;
		};
		4ACB6D8128E0793C006320A0 /* Frameworks */ = {
			isa = PBXFrameworksBuildPhase;
			buildActionMask = 2147483647;
			files = (
				4ACB6D8928E0793C006320A0 /* SwiftUI.framework in Frameworks */,
				4ACB6D8728E0793C006320A0 /* WidgetKit.framework in Frameworks */,
			);
			runOnlyForDeploymentPostprocessing = 0;
		};
/* End PBXFrameworksBuildPhase section */

/* Begin PBXGroup section */
		4ACB6D6628E07916006320A0 = {
			isa = PBXGroup;
			children = (
				4ACB6D7128E07916006320A0 /* ExPhotoWidget */,
				4ACB6D8A28E0793C006320A0 /* MyWidget */,
				4ACB6D8528E0793C006320A0 /* Frameworks */,
				4ACB6D7028E07916006320A0 /* Products */,
			);
			sourceTree = "<group>";
		};
		4ACB6D7028E07916006320A0 /* Products */ = {
			isa = PBXGroup;
			children = (
				4ACB6D6F28E07916006320A0 /* ExPhotoWidget.app */,
				4ACB6D8428E0793C006320A0 /* MyWidgetExtension.appex */,
			);
			name = Products;
			sourceTree = "<group>";
		};
		4ACB6D7128E07916006320A0 /* ExPhotoWidget */ = {
			isa = PBXGroup;
			children = (
				4ACB6D7228E07916006320A0 /* ExPhotoWidgetApp.swift */,
				4ACB6D7428E07916006320A0 /* ContentView.swift */,
				4ACB6D7628E07919006320A0 /* Assets.xcassets */,
				4ACB6D7828E07919006320A0 /* Preview Content */,
				4ACB6D9A28E079AD006320A0 /* ImageCache.swift */,
			);
			path = ExPhotoWidget;
			sourceTree = "<group>";
		};
		4ACB6D7828E07919006320A0 /* Preview Content */ = {
			isa = PBXGroup;
			children = (
				4ACB6D7928E07919006320A0 /* Preview Assets.xcassets */,
			);
			path = "Preview Content";
			sourceTree = "<group>";
		};
		4ACB6D8528E0793C006320A0 /* Frameworks */ = {
			isa = PBXGroup;
			children = (
				4ACB6D8628E0793C006320A0 /* WidgetKit.framework */,
				4ACB6D8828E0793C006320A0 /* SwiftUI.framework */,
			);
			name = Frameworks;
			sourceTree = "<group>";
		};
		4ACB6D8A28E0793C006320A0 /* MyWidget */ = {
			isa = PBXGroup;
			children = (
				4ACB6D8B28E0793C006320A0 /* MyWidget.swift */,
				4ACB6D9D28E07B3A006320A0 /* PhotoModel.swift */,
				4ACB6D8D28E0793C006320A0 /* MyWidget.intentdefinition */,
				4ACB6D8E28E0793D006320A0 /* Assets.xcassets */,
				4ACB6D9028E0793D006320A0 /* Info.plist */,
			);
			path = MyWidget;
			sourceTree = "<group>";
		};
/* End PBXGroup section */

/* Begin PBXNativeTarget section */
		4ACB6D6E28E07916006320A0 /* ExPhotoWidget */ = {
			isa = PBXNativeTarget;
			buildConfigurationList = 4ACB6D7D28E07919006320A0 /* Build configuration list for PBXNativeTarget "ExPhotoWidget" */;
			buildPhases = (
				4ACB6D6B28E07916006320A0 /* Sources */,
				4ACB6D6C28E07916006320A0 /* Frameworks */,
				4ACB6D6D28E07916006320A0 /* Resources */,
				4ACB6D9928E0793D006320A0 /* Embed App Extensions */,
			);
			buildRules = (
			);
			dependencies = (
				4ACB6D9428E0793D006320A0 /* PBXTargetDependency */,
			);
			name = ExPhotoWidget;
			productName = ExPhotoWidget;
			productReference = 4ACB6D6F28E07916006320A0 /* ExPhotoWidget.app */;
			productType = "com.apple.product-type.application";
		};
		4ACB6D8328E0793C006320A0 /* MyWidgetExtension */ = {
			isa = PBXNativeTarget;
			buildConfigurationList = 4ACB6D9628E0793D006320A0 /* Build configuration list for PBXNativeTarget "MyWidgetExtension" */;
			buildPhases = (
				4ACB6D8028E0793C006320A0 /* Sources */,
				4ACB6D8128E0793C006320A0 /* Frameworks */,
				4ACB6D8228E0793C006320A0 /* Resources */,
			);
			buildRules = (
			);
			dependencies = (
			);
			name = MyWidgetExtension;
			productName = MyWidgetExtension;
			productReference = 4ACB6D8428E0793C006320A0 /* MyWidgetExtension.appex */;
			productType = "com.apple.product-type.app-extension";
		};
/* End PBXNativeTarget section */

/* Begin PBXProject section */
		4ACB6D6728E07916006320A0 /* Project object */ = {
			isa = PBXProject;
			attributes = {
				BuildIndependentTargetsInParallel = 1;
				LastSwiftUpdateCheck = 1340;
				LastUpgradeCheck = 1340;
				TargetAttributes = {
					4ACB6D6E28E07916006320A0 = {
						CreatedOnToolsVersion = 13.4.1;
					};
					4ACB6D8328E0793C006320A0 = {
						CreatedOnToolsVersion = 13.4.1;
					};
				};
			};
			buildConfigurationList = 4ACB6D6A28E07916006320A0 /* Build configuration list for PBXProject "ExPhotoWidget" */;
			compatibilityVersion = "Xcode 13.0";
			developmentRegion = en;
			hasScannedForEncodings = 0;
			knownRegions = (
				en,
				Base,
			);
			mainGroup = 4ACB6D6628E07916006320A0;
			productRefGroup = 4ACB6D7028E07916006320A0 /* Products */;
			projectDirPath = "";
			projectRoot = "";
			targets = (
				4ACB6D6E28E07916006320A0 /* ExPhotoWidget */,
				4ACB6D8328E0793C006320A0 /* MyWidgetExtension */,
			);
		};
/* End PBXProject section */

/* Begin PBXResourcesBuildPhase section */
		4ACB6D6D28E07916006320A0 /* Resources */ = {
			isa = PBXResourcesBuildPhase;
			buildActionMask = 2147483647;
			files = (
				4ACB6D7A28E07919006320A0 /* Preview Assets.xcassets in Resources */,
				4ACB6D7728E07919006320A0 /* Assets.xcassets in Resources */,
			);
			runOnlyForDeploymentPostprocessing = 0;
		};
		4ACB6D8228E0793C006320A0 /* Resources */ = {
			isa = PBXResourcesBuildPhase;
			buildActionMask = 2147483647;
			files = (
				4ACB6D8F28E0793D006320A0 /* Assets.xcassets in Resources */,
			);
			runOnlyForDeploymentPostprocessing = 0;
		};
/* End PBXResourcesBuildPhase section */

/* Begin PBXSourcesBuildPhase section */
		4ACB6D6B28E07916006320A0 /* Sources */ = {
			isa = PBXSourcesBuildPhase;
			buildActionMask = 2147483647;
			files = (
				4ACB6D9228E0793D006320A0 /* MyWidget.intentdefinition in Sources */,
				4ACB6D7528E07916006320A0 /* ContentView.swift in Sources */,
				4ACB6D9B28E079AD006320A0 /* ImageCache.swift in Sources */,
				4ACB6D9E28E07B3A006320A0 /* PhotoModel.swift in Sources */,
				4ACB6D7328E07916006320A0 /* ExPhotoWidgetApp.swift in Sources */,
			);
			runOnlyForDeploymentPostprocessing = 0;
		};
		4ACB6D8028E0793C006320A0 /* Sources */ = {
			isa = PBXSourcesBuildPhase;
			buildActionMask = 2147483647;
			files = (
				4ACB6D9C28E079AD006320A0 /* ImageCache.swift in Sources */,
				4ACB6D9128E0793D006320A0 /* MyWidget.intentdefinition in Sources */,
				4ACB6D9F28E07B3A006320A0 /* PhotoModel.swift in Sources */,
				4ACB6D8C28E0793C006320A0 /* MyWidget.swift in Sources */,
			);
			runOnlyForDeploymentPostprocessing = 0;
		};
/* End PBXSourcesBuildPhase section */

/* Begin PBXTargetDependency section */
		4ACB6D9428E0793D006320A0 /* PBXTargetDependency */ = {
			isa = PBXTargetDependency;
			target = 4ACB6D8328E0793C006320A0 /* MyWidgetExtension */;
			targetProxy = 4ACB6D9328E0793D006320A0 /* PBXContainerItemProxy */;
		};
/* End PBXTargetDependency section */

/* Begin XCBuildConfiguration section */
		4ACB6D7B28E07919006320A0 /* Debug */ = {
			isa = XCBuildConfiguration;
			buildSettings = {
				ALWAYS_SEARCH_USER_PATHS = NO;
				CLANG_ANALYZER_NONNULL = YES;
				CLANG_ANALYZER_NUMBER_OBJECT_CONVERSION = YES_AGGRESSIVE;
				CLANG_CXX_LANGUAGE_STANDARD = "gnu++17";
				CLANG_ENABLE_MODULES = YES;
				CLANG_ENABLE_OBJC_ARC = YES;
				CLANG_ENABLE_OBJC_WEAK = YES;
				CLANG_WARN_BLOCK_CAPTURE_AUTORELEASING = YES;
				CLANG_WARN_BOOL_CONVERSION = YES;
				CLANG_WARN_COMMA = YES;
				CLANG_WARN_CONSTANT_CONVERSION = YES;
				CLANG_WARN_DEPRECATED_OBJC_IMPLEMENTATIONS = YES;
				CLANG_WARN_DIRECT_OBJC_ISA_USAGE = YES_ERROR;
				CLANG_WARN_DOCUMENTATION_COMMENTS = YES;
				CLANG_WARN_EMPTY_BODY = YES;
				CLANG_WARN_ENUM_CONVERSION = YES;
				CLANG_WARN_INFINITE_RECURSION = YES;
				CLANG_WARN_INT_CONVERSION = YES;
				CLANG_WARN_NON_LITERAL_NULL_CONVERSION = YES;
				CLANG_WARN_OBJC_IMPLICIT_RETAIN_SELF = YES;
				CLANG_WARN_OBJC_LITERAL_CONVERSION = YES;
				CLANG_WARN_OBJC_ROOT_CLASS = YES_ERROR;
				CLANG_WARN_QUOTED_INCLUDE_IN_FRAMEWORK_HEADER = YES;
				CLANG_WARN_RANGE_LOOP_ANALYSIS = YES;
				CLANG_WARN_STRICT_PROTOTYPES = YES;
				CLANG_WARN_SUSPICIOUS_MOVE = YES;
				CLANG_WARN_UNGUARDED_AVAILABILITY = YES_AGGRESSIVE;
				CLANG_WARN_UNREACHABLE_CODE = YES;
				CLANG_WARN__DUPLICATE_METHOD_MATCH = YES;
				COPY_PHASE_STRIP = NO;
				DEBUG_INFORMATION_FORMAT = dwarf;
				ENABLE_STRICT_OBJC_MSGSEND = YES;
				ENABLE_TESTABILITY = YES;
				GCC_C_LANGUAGE_STANDARD = gnu11;
				GCC_DYNAMIC_NO_PIC = NO;
				GCC_NO_COMMON_BLOCKS = YES;
				GCC_OPTIMIZATION_LEVEL = 0;
				GCC_PREPROCESSOR_DEFINITIONS = (
					"DEBUG=1",
					"$(inherited)",
				);
				GCC_WARN_64_TO_32_BIT_CONVERSION = YES;
				GCC_WARN_ABOUT_RETURN_TYPE = YES_ERROR;
				GCC_WARN_UNDECLARED_SELECTOR = YES;
				GCC_WARN_UNINITIALIZED_AUTOS = YES_AGGRESSIVE;
				GCC_WARN_UNUSED_FUNCTION = YES;
				GCC_WARN_UNUSED_VARIABLE = YES;
				IPHONEOS_DEPLOYMENT_TARGET = 15.5;
				MTL_ENABLE_DEBUG_INFO = INCLUDE_SOURCE;
				MTL_FAST_MATH = YES;
				ONLY_ACTIVE_ARCH = YES;
				SDKROOT = iphoneos;
				SWIFT_ACTIVE_COMPILATION_CONDITIONS = DEBUG;
				SWIFT_OPTIMIZATION_LEVEL = "-Onone";
			};
			name = Debug;
		};
		4ACB6D7C28E07919006320A0 /* Release */ = {
			isa = XCBuildConfiguration;
			buildSettings = {
				ALWAYS_SEARCH_USER_PATHS = NO;
				CLANG_ANALYZER_NONNULL = YES;
				CLANG_ANALYZER_NUMBER_OBJECT_CONVERSION = YES_AGGRESSIVE;
				CLANG_CXX_LANGUAGE_STANDARD = "gnu++17";
				CLANG_ENABLE_MODULES = YES;
				CLANG_ENABLE_OBJC_ARC = YES;
				CLANG_ENABLE_OBJC_WEAK = YES;
				CLANG_WARN_BLOCK_CAPTURE_AUTORELEASING = YES;
				CLANG_WARN_BOOL_CONVERSION = YES;
				CLANG_WARN_COMMA = YES;
				CLANG_WARN_CONSTANT_CONVERSION = YES;
				CLANG_WARN_DEPRECATED_OBJC_IMPLEMENTATIONS = YES;
				CLANG_WARN_DIRECT_OBJC_ISA_USAGE = YES_ERROR;
				CLANG_WARN_DOCUMENTATION_COMMENTS = YES;
				CLANG_WARN_EMPTY_BODY = YES;
				CLANG_WARN_ENUM_CONVERSION = YES;
				CLANG_WARN_INFINITE_RECURSION = YES;
				CLANG_WARN_INT_CONVERSION = YES;
				CLANG_WARN_NON_LITERAL_NULL_CONVERSION = YES;
				CLANG_WARN_OBJC_IMPLICIT_RETAIN_SELF = YES;
				CLANG_WARN_OBJC_LITERAL_CONVERSION = YES;
				CLANG_WARN_OBJC_ROOT_CLASS = YES_ERROR;
				CLANG_WARN_QUOTED_INCLUDE_IN_FRAMEWORK_HEADER = YES;
				CLANG_WARN_RANGE_LOOP_ANALYSIS = YES;
				CLANG_WARN_STRICT_PROTOTYPES = YES;
				CLANG_WARN_SUSPICIOUS_MOVE = YES;
				CLANG_WARN_UNGUARDED_AVAILABILITY = YES_AGGRESSIVE;
				CLANG_WARN_UNREACHABLE_CODE = YES;
				CLANG_WARN__DUPLICATE_METHOD_MATCH = YES;
				COPY_PHASE_STRIP = NO;
				DEBUG_INFORMATION_FORMAT = "dwarf-with-dsym";
				ENABLE_NS_ASSERTIONS = NO;
				ENABLE_STRICT_OBJC_MSGSEND = YES;
				GCC_C_LANGUAGE_STANDARD = gnu11;
				GCC_NO_COMMON_BLOCKS = YES;
				GCC_WARN_64_TO_32_BIT_CONVERSION = YES;
				GCC_WARN_ABOUT_RETURN_TYPE = YES_ERROR;
				GCC_WARN_UNDECLARED_SELECTOR = YES;
				GCC_WARN_UNINITIALIZED_AUTOS = YES_AGGRESSIVE;
				GCC_WARN_UNUSED_FUNCTION = YES;
				GCC_WARN_UNUSED_VARIABLE = YES;
				IPHONEOS_DEPLOYMENT_TARGET = 15.5;
				MTL_ENABLE_DEBUG_INFO = NO;
				MTL_FAST_MATH = YES;
				SDKROOT = iphoneos;
				SWIFT_COMPILATION_MODE = wholemodule;
				SWIFT_OPTIMIZATION_LEVEL = "-O";
				VALIDATE_PRODUCT = YES;
			};
			name = Release;
		};
		4ACB6D7E28E07919006320A0 /* Debug */ = {
			isa = XCBuildConfiguration;
			buildSettings = {
				ALWAYS_EMBED_SWIFT_STANDARD_LIBRARIES = YES;
				ASSETCATALOG_COMPILER_APPICON_NAME = AppIcon;
				ASSETCATALOG_COMPILER_GLOBAL_ACCENT_COLOR_NAME = AccentColor;
				CODE_SIGN_STYLE = Automatic;
				CURRENT_PROJECT_VERSION = 1;
				DEVELOPMENT_ASSET_PATHS = "\"ExPhotoWidget/Preview Content\"";
				DEVELOPMENT_TEAM = SS7U83UJNK;
				ENABLE_PREVIEWS = YES;
				GENERATE_INFOPLIST_FILE = YES;
				INFOPLIST_KEY_UIApplicationSceneManifest_Generation = YES;
				INFOPLIST_KEY_UIApplicationSupportsIndirectInputEvents = YES;
				INFOPLIST_KEY_UILaunchScreen_Generation = YES;
				INFOPLIST_KEY_UISupportedInterfaceOrientations_iPad = "UIInterfaceOrientationPortrait UIInterfaceOrientationPortraitUpsideDown UIInterfaceOrientationLandscapeLeft UIInterfaceOrientationLandscapeRight";
				INFOPLIST_KEY_UISupportedInterfaceOrientations_iPhone = "UIInterfaceOrientationPortrait UIInterfaceOrientationLandscapeLeft UIInterfaceOrientationLandscapeRight";
				LD_RUNPATH_SEARCH_PATHS = (
					"$(inherited)",
					"@executable_path/Frameworks",
				);
				MARKETING_VERSION = 1.0;
				PRODUCT_BUNDLE_IDENTIFIER = com.jake.ExPhotoWidget;
				PRODUCT_NAME = "$(TARGET_NAME)";
				SWIFT_EMIT_LOC_STRINGS = YES;
				SWIFT_VERSION = 5.0;
				TARGETED_DEVICE_FAMILY = "1,2";
			};
			name = Debug;
		};
		4ACB6D7F28E07919006320A0 /* Release */ = {
			isa = XCBuildConfiguration;
			buildSettings = {
				ALWAYS_EMBED_SWIFT_STANDARD_LIBRARIES = YES;
				ASSETCATALOG_COMPILER_APPICON_NAME = AppIcon;
				ASSETCATALOG_COMPILER_GLOBAL_ACCENT_COLOR_NAME = AccentColor;
				CODE_SIGN_STYLE = Automatic;
				CURRENT_PROJECT_VERSION = 1;
				DEVELOPMENT_ASSET_PATHS = "\"ExPhotoWidget/Preview Content\"";
				DEVELOPMENT_TEAM = SS7U83UJNK;
				ENABLE_PREVIEWS = YES;
				GENERATE_INFOPLIST_FILE = YES;
				INFOPLIST_KEY_UIApplicationSceneManifest_Generation = YES;
				INFOPLIST_KEY_UIApplicationSupportsIndirectInputEvents = YES;
				INFOPLIST_KEY_UILaunchScreen_Generation = YES;
				INFOPLIST_KEY_UISupportedInterfaceOrientations_iPad = "UIInterfaceOrientationPortrait UIInterfaceOrientationPortraitUpsideDown UIInterfaceOrientationLandscapeLeft UIInterfaceOrientationLandscapeRight";
				INFOPLIST_KEY_UISupportedInterfaceOrientations_iPhone = "UIInterfaceOrientationPortrait UIInterfaceOrientationLandscapeLeft UIInterfaceOrientationLandscapeRight";
				LD_RUNPATH_SEARCH_PATHS = (
					"$(inherited)",
					"@executable_path/Frameworks",
				);
				MARKETING_VERSION = 1.0;
				PRODUCT_BUNDLE_IDENTIFIER = com.jake.ExPhotoWidget;
				PRODUCT_NAME = "$(TARGET_NAME)";
				SWIFT_EMIT_LOC_STRINGS = YES;
				SWIFT_VERSION = 5.0;
				TARGETED_DEVICE_FAMILY = "1,2";
			};
			name = Release;
		};
		4ACB6D9728E0793D006320A0 /* Debug */ = {
			isa = XCBuildConfiguration;
			buildSettings = {
				ASSETCATALOG_COMPILER_GLOBAL_ACCENT_COLOR_NAME = AccentColor;
				ASSETCATALOG_COMPILER_WIDGET_BACKGROUND_COLOR_NAME = WidgetBackground;
				CODE_SIGN_STYLE = Automatic;
				CURRENT_PROJECT_VERSION = 1;
				DEVELOPMENT_TEAM = SS7U83UJNK;
				GENERATE_INFOPLIST_FILE = YES;
				INFOPLIST_FILE = MyWidget/Info.plist;
				INFOPLIST_KEY_CFBundleDisplayName = MyWidget;
				INFOPLIST_KEY_NSHumanReadableCopyright = "";
				LD_RUNPATH_SEARCH_PATHS = (
					"$(inherited)",
					"@executable_path/Frameworks",
					"@executable_path/../../Frameworks",
				);
				MARKETING_VERSION = 1.0;
				PRODUCT_BUNDLE_IDENTIFIER = com.jake.ExPhotoWidget.MyWidget;
				PRODUCT_NAME = "$(TARGET_NAME)";
				SKIP_INSTALL = YES;
				SWIFT_EMIT_LOC_STRINGS = YES;
				SWIFT_VERSION = 5.0;
				TARGETED_DEVICE_FAMILY = "1,2";
			};
			name = Debug;
		};
		4ACB6D9828E0793D006320A0 /* Release */ = {
			isa = XCBuildConfiguration;
			buildSettings = {
				ASSETCATALOG_COMPILER_GLOBAL_ACCENT_COLOR_NAME = AccentColor;
				ASSETCATALOG_COMPILER_WIDGET_BACKGROUND_COLOR_NAME = WidgetBackground;
				CODE_SIGN_STYLE = Automatic;
				CURRENT_PROJECT_VERSION = 1;
				DEVELOPMENT_TEAM = SS7U83UJNK;
				GENERATE_INFOPLIST_FILE = YES;
				INFOPLIST_FILE = MyWidget/Info.plist;
				INFOPLIST_KEY_CFBundleDisplayName = MyWidget;
				INFOPLIST_KEY_NSHumanReadableCopyright = "";
				LD_RUNPATH_SEARCH_PATHS = (
					"$(inherited)",
					"@executable_path/Frameworks",
					"@executable_path/../../Frameworks",
				);
				MARKETING_VERSION = 1.0;
				PRODUCT_BUNDLE_IDENTIFIER = com.jake.ExPhotoWidget.MyWidget;
				PRODUCT_NAME = "$(TARGET_NAME)";
				SKIP_INSTALL = YES;
				SWIFT_EMIT_LOC_STRINGS = YES;
				SWIFT_VERSION = 5.0;
				TARGETED_DEVICE_FAMILY = "1,2";
			};
			name = Release;
		};
/* End XCBuildConfiguration section */

/* Begin XCConfigurationList section */
		4ACB6D6A28E07916006320A0 /* Build configuration list for PBXProject "ExPhotoWidget" */ = {
			isa = XCConfigurationList;
			buildConfigurations = (
				4ACB6D7B28E07919006320A0 /* Debug */,
				4ACB6D7C28E07919006320A0 /* Release */,
			);
			defaultConfigurationIsVisible = 0;
			defaultConfigurationName = Release;
		};
		4ACB6D7D28E07919006320A0 /* Build configuration list for PBXNativeTarget "ExPhotoWidget" */ = {
			isa = XCConfigurationList;
			buildConfigurations = (
				4ACB6D7E28E07919006320A0 /* Debug */,
				4ACB6D7F28E07919006320A0 /* Release */,
			);
			defaultConfigurationIsVisible = 0;
			defaultConfigurationName = Release;
		};
		4ACB6D9628E0793D006320A0 /* Build configuration list for PBXNativeTarget "MyWidgetExtension" */ = {
			isa = XCConfigurationList;
			buildConfigurations = (
				4ACB6D9728E0793D006320A0 /* Debug */,
				4ACB6D9828E0793D006320A0 /* Release */,
			);
			defaultConfigurationIsVisible = 0;
			defaultConfigurationName = Release;
		};
/* End XCConfigurationList section */
	};
	rootObject = 4ACB6D6728E07916006320A0 /* Project object */;
}
